Microsoft Visual Studio Solution File, Format Version 12.00
# Visual Studio Version 17
VisualStudioVersion = 17.5.2.0
MinimumVisualStudioVersion = 10.0.40219.1
Project("{FAE04EC0-301F-11D3-BF4B-00C04F79EFBC}") = "Aprimo.CheckFramework.Demo", "Aprimo.CheckFramework.Demo.csproj", "{90A67BC0-8E79-A80A-0B09-8AEA8B7DADF1}"
EndProject
Global
	GlobalSection(SolutionConfigurationPlatforms) = preSolution
		Debug|Any CPU = Debug|Any CPU
		Release|Any CPU = Release|Any CPU
	EndGlobalSection
	GlobalSection(ProjectConfigurationPlatforms) = postSolution
		{90A67BC0-8E79-A80A-0B09-8AEA8B7DADF1}.Debug|Any CPU.ActiveCfg = Debug|Any CPU
		{90A67BC0-8E79-A80A-0B09-8AEA8B7DADF1}.Debug|Any CPU.Build.0 = Debug|Any CPU
		{90A67BC0-8E79-A80A-0B09-8AEA8B7DADF1}.Release|Any CPU.ActiveCfg = Release|Any CPU
		{90A67BC0-8E79-A80A-0B09-8AEA8B7DADF1}.Release|Any CPU.Build.0 = Release|Any CPU
	EndGlobalSection
	GlobalSection(SolutionProperties) = preSolution
		HideSolutionNode = FALSE
	EndGlobalSection
	GlobalSection(ExtensibilityGlobals) = postSolution
		SolutionGuid = {FA65F394-296A-4854-A3E2-880FA3CCA7C1}
	EndGlobalSection
EndGlobal
